
Microsoft Visual Studio Solution File, Format Version 12.00
# Visual Studio Version 17
VisualStudioVersion = 17.1.32210.238
MinimumVisualStudioVersion = 10.0.40219.1
Project("{FAE04EC0-301F-11D3-BF4B-00C04F79EFBC}") = "MethodOverload2", "MethodOverload2\MethodOverload2.csproj", "{10A1F64C-1525-46BF-8272-7D0C8F7DD198}"
EndProject
Global
	GlobalSection(SolutionConfigurationPlatforms) = preSolution
		Debug|Any CPU = Debug|Any CPU
		Release|Any CPU = Release|Any CPU
	EndGlobalSection
	GlobalSection(ProjectConfigurationPlatforms) = postSolution
		{10A1F64C-1525-46BF-8272-7D0C8F7DD198}.Debug|Any CPU.ActiveCfg = Debug|Any CPU
		{10A1F64C-1525-46BF-8272-7D0C8F7DD198}.Debug|Any CPU.Build.0 = Debug|Any CPU
		{10A1F64C-1525-46BF-8272-7D0C8F7DD198}.Release|Any CPU.ActiveCfg = Release|Any CPU
		{10A1F64C-1525-46BF-8272-7D0C8F7DD198}.Release|Any CPU.Build.0 = Release|Any CPU
	EndGlobalSection
	GlobalSection(SolutionProperties) = preSolution
		HideSolutionNode = FALSE
	EndGlobalSection
	GlobalSection(ExtensibilityGlobals) = postSolution
		SolutionGuid = {4AC7C78A-24AE-4CB6-BFC2-A9C125D56302}
	EndGlobalSection
EndGlobal
